
Microsoft Visual Studio Solution File, Format Version 12.00
# Visual Studio Version 17
VisualStudioVersion = 17.1.32328.378
MinimumVisualStudioVersion = 10.0.40219.1
Project("{FAE04EC0-301F-11D3-BF4B-00C04F79EFBC}") = "GitHubOrnek.Console", "GitHubOrnek.Console\GitHubOrnek.Console.csproj", "{733871F7-5306-4491-A904-3541BA6F1381}"
EndProject
Global
	GlobalSection(SolutionConfigurationPlatforms) = preSolution
		Debug|Any CPU = Debug|Any CPU
		Release|Any CPU = Release|Any CPU
	EndGlobalSection
	GlobalSection(ProjectConfigurationPlatforms) = postSolution
		{733871F7-5306-4491-A904-3541BA6F1381}.Debug|Any CPU.ActiveCfg = Debug|Any CPU
		{733871F7-5306-4491-A904-3541BA6F1381}.Debug|Any CPU.Build.0 = Debug|Any CPU
		{733871F7-5306-4491-A904-3541BA6F1381}.Release|Any CPU.ActiveCfg = Release|Any CPU
		{733871F7-5306-4491-A904-3541BA6F1381}.Release|Any CPU.Build.0 = Release|Any CPU
	EndGlobalSection
	GlobalSection(SolutionProperties) = preSolution
		HideSolutionNode = FALSE
	EndGlobalSection
	GlobalSection(ExtensibilityGlobals) = postSolution
		SolutionGuid = {B17821F6-7AFF-40DC-9377-3B45DC0FB28D}
	EndGlobalSection
EndGlobal
